// !$*UTF8*$!
{
	archiveVersion = 1;
	classes = {
	};
	objectVersion = 46;
	objects = {

/* Begin PBXBuildFile section */
		5B439A9C183006F000F83EFA /* SCTouchDetector.m in Sources */ = {isa = PBXBuildFile; fileRef = 5B439A9B183006F000F83EFA /* SCTouchDetector.m */; };
		AB2BA3FE18338DAE00B7CFA2 /* capture_flip@2x.png in Resources */ = {isa = PBXBuildFile; fileRef = AB2BA3FD18338DAE00B7CFA2 /* capture_flip@2x.png */; };
		AB2BA4031833B4A700B7CFA2 /* QuartzCore.framework in Frameworks */ = {isa = PBXBuildFile; fileRef = AB2BA4021833B4A700B7CFA2 /* QuartzCore.framework */; };
		AB32FD50183D0735007869C1 /* SCBlurOverlayView.m in Sources */ = {isa = PBXBuildFile; fileRef = AB32FD4F183D0735007869C1 /* SCBlurOverlayView.m */; };
		ABCB9421184BAC2C00BB5927 /* OpenGLES.framework in Frameworks */ = {isa = PBXBuildFile; fileRef = ABCB9420184BAC2C00BB5927 /* OpenGLES.framework */; };
		ABCC89F61829AAB6000D3886 /* ImageIO.framework in Frameworks */ = {isa = PBXBuildFile; fileRef = ABCC89F51829AAB6000D3886 /* ImageIO.framework */; };
		ABCC89F91829AD8B000D3886 /* SCImageViewDisPlayViewController.m in Sources */ = {isa = PBXBuildFile; fileRef = ABCC89F81829AD8B000D3886 /* SCImageViewDisPlayViewController.m */; };
		DC23FE1217B4200800389EDA /* Foundation.framework in Frameworks */ = {isa = PBXBuildFile; fileRef = DC551C4917ADD66000E37F8F /* Foundation.framework */; };
		DC23FE2117B4519100389EDA /* AVFoundation.framework in Frameworks */ = {isa = PBXBuildFile; fileRef = DC551C6A17ADDA4400E37F8F /* AVFoundation.framework */; };
		DC23FE2217B4519A00389EDA /* CoreGraphics.framework in Frameworks */ = {isa = PBXBuildFile; fileRef = DC551C4B17ADD66000E37F8F /* CoreGraphics.framework */; };
		DC23FE2317B451A100389EDA /* UIKit.framework in Frameworks */ = {isa = PBXBuildFile; fileRef = DC551C4717ADD66000E37F8F /* UIKit.framework */; };
		DC23FE2417B451AA00389EDA /* AssetsLibrary.framework in Frameworks */ = {isa = PBXBuildFile; fileRef = DC36981F17AF132600F5012B /* AssetsLibrary.framework */; };
		DC36982017AF132600F5012B /* AssetsLibrary.framework in Frameworks */ = {isa = PBXBuildFile; fileRef = DC36981F17AF132600F5012B /* AssetsLibrary.framework */; };
		DC4CBA401863118E00532F1F /* SCCameraFocusTargetView.h in Headers */ = {isa = PBXBuildFile; fileRef = AB2BA3FF1833B34A00B7CFA2 /* SCCameraFocusTargetView.h */; };
		DC4CBA411863118E00532F1F /* SCCameraFocusTargetView.m in Sources */ = {isa = PBXBuildFile; fileRef = AB2BA4001833B34A00B7CFA2 /* SCCameraFocusTargetView.m */; };
		DC4CBA4D1863118E00532F1F /* SCAudioTools.h in Headers */ = {isa = PBXBuildFile; fileRef = DCCAB6AB17B46C8900CEA47B /* SCAudioTools.h */; };
		DC4CBA4E1863118E00532F1F /* SCAudioTools.m in Sources */ = {isa = PBXBuildFile; fileRef = DCCAB6AC17B46C8900CEA47B /* SCAudioTools.m */; };
		DC4CBA511863118E00532F1F /* SCPlayer.h in Headers */ = {isa = PBXBuildFile; fileRef = DCF6142717D14A3700341EC2 /* SCPlayer.h */; };
		DC4CBA521863118E00532F1F /* SCPlayer.m in Sources */ = {isa = PBXBuildFile; fileRef = DCF6142817D14A3700341EC2 /* SCPlayer.m */; };
		DC4CBA531863118E00532F1F /* SCVideoPlayerView.h in Headers */ = {isa = PBXBuildFile; fileRef = DCF6142A17D1527F00341EC2 /* SCVideoPlayerView.h */; };
		DC4CBA541863118E00532F1F /* SCVideoPlayerView.m in Sources */ = {isa = PBXBuildFile; fileRef = DCF6142B17D1527F00341EC2 /* SCVideoPlayerView.m */; };
		DC4CBA551863118E00532F1F /* SCCameraFocusView.h in Headers */ = {isa = PBXBuildFile; fileRef = DC4CBA391863100500532F1F /* SCCameraFocusView.h */; };
		DC4CBA561863118E00532F1F /* SCCameraFocusView.m in Sources */ = {isa = PBXBuildFile; fileRef = DC4CBA3A1863100500532F1F /* SCCameraFocusView.m */; };
		DC4CBA77186314E100532F1F /* libSCAudioVideoRecorderIOS.a in Frameworks */ = {isa = PBXBuildFile; fileRef = DC23FE1117B4200700389EDA /* libSCAudioVideoRecorderIOS.a */; };
		DC50285818E51FC0004E833F /* SCRecorder.m in Sources */ = {isa = PBXBuildFile; fileRef = DC50285618E4FA5E004E833F /* SCRecorder.m */; };
		DC50285918E51FC9004E833F /* SCRecorder.h in Headers */ = {isa = PBXBuildFile; fileRef = DC50285518E4FA5E004E833F /* SCRecorder.h */; };
		DC50285A18E52023004E833F /* SCRecordSession.m in Sources */ = {isa = PBXBuildFile; fileRef = DC50285318E4F23F004E833F /* SCRecordSession.m */; };
		DC551C4817ADD66000E37F8F /* UIKit.framework in Frameworks */ = {isa = PBXBuildFile; fileRef = DC551C4717ADD66000E37F8F /* UIKit.framework */; };
		DC551C4A17ADD66000E37F8F /* Foundation.framework in Frameworks */ = {isa = PBXBuildFile; fileRef = DC551C4917ADD66000E37F8F /* Foundation.framework */; };
		DC551C4C17ADD66000E37F8F /* CoreGraphics.framework in Frameworks */ = {isa = PBXBuildFile; fileRef = DC551C4B17ADD66000E37F8F /* CoreGraphics.framework */; };
		DC551C5217ADD66000E37F8F /* InfoPlist.strings in Resources */ = {isa = PBXBuildFile; fileRef = DC551C5017ADD66000E37F8F /* InfoPlist.strings */; };
		DC551C5417ADD66000E37F8F /* main.m in Sources */ = {isa = PBXBuildFile; fileRef = DC551C5317ADD66000E37F8F /* main.m */; };
		DC551C5817ADD66000E37F8F /* SCAppDelegate.m in Sources */ = {isa = PBXBuildFile; fileRef = DC551C5717ADD66000E37F8F /* SCAppDelegate.m */; };
		DC551C5A17ADD66000E37F8F /* Default.png in Resources */ = {isa = PBXBuildFile; fileRef = DC551C5917ADD66000E37F8F /* Default.png */; };
		DC551C5C17ADD66000E37F8F /* Default@2x.png in Resources */ = {isa = PBXBuildFile; fileRef = DC551C5B17ADD66000E37F8F /* Default@2x.png */; };
		DC551C5E17ADD66000E37F8F /* Default-568h@2x.png in Resources */ = {isa = PBXBuildFile; fileRef = DC551C5D17ADD66000E37F8F /* Default-568h@2x.png */; };
		DC551C6117ADD66000E37F8F /* MainStoryboard.storyboard in Resources */ = {isa = PBXBuildFile; fileRef = DC551C5F17ADD66000E37F8F /* MainStoryboard.storyboard */; };
		DC551C6417ADD66000E37F8F /* SCViewController.m in Sources */ = {isa = PBXBuildFile; fileRef = DC551C6317ADD66000E37F8F /* SCViewController.m */; };
		DC551C6B17ADDA4400E37F8F /* AVFoundation.framework in Frameworks */ = {isa = PBXBuildFile; fileRef = DC551C6A17ADDA4400E37F8F /* AVFoundation.framework */; };
		DC551C7017ADF12200E37F8F /* CoreMedia.framework in Frameworks */ = {isa = PBXBuildFile; fileRef = DC551C6F17ADF12200E37F8F /* CoreMedia.framework */; };
		DC551C7217ADF12800E37F8F /* CoreVideo.framework in Frameworks */ = {isa = PBXBuildFile; fileRef = DC551C7117ADF12800E37F8F /* CoreVideo.framework */; };
		DC599B6617B481BB00500F05 /* AudioToolbox.framework in Frameworks */ = {isa = PBXBuildFile; fileRef = DC599B6517B481BB00500F05 /* AudioToolbox.framework */; };
		DC6722ED1861B3CE0001A15E /* SCAudioRecordViewController.m in Sources */ = {isa = PBXBuildFile; fileRef = DC6722EC1861B3CE0001A15E /* SCAudioRecordViewController.m */; };
		DC6722EF1861B4930001A15E /* Record-Normal-icon.png in Resources */ = {isa = PBXBuildFile; fileRef = DC6722EE1861B4930001A15E /* Record-Normal-icon.png */; };
		DC6722F11861B4F00001A15E /* Record-Pressed-icon.png in Resources */ = {isa = PBXBuildFile; fileRef = DC6722F01861B4F00001A15E /* Record-Pressed-icon.png */; };
		DC6722F31861B5D50001A15E /* Stop-Normal-Red-icon.png in Resources */ = {isa = PBXBuildFile; fileRef = DC6722F21861B5D50001A15E /* Stop-Normal-Red-icon.png */; };
		DC6722F61861B6260001A15E /* Play-Pressed-icon.png in Resources */ = {isa = PBXBuildFile; fileRef = DC6722F41861B6260001A15E /* Play-Pressed-icon.png */; };
		DC6722F71861B6260001A15E /* Play-Normal-icon.png in Resources */ = {isa = PBXBuildFile; fileRef = DC6722F51861B6260001A15E /* Play-Normal-icon.png */; };
		DC6722F91861B6F00001A15E /* Pause-Normal-icon.png in Resources */ = {isa = PBXBuildFile; fileRef = DC6722F81861B6F00001A15E /* Pause-Normal-icon.png */; };
		DCF6143317D157A400341EC2 /* SCVideoPlayerViewController.m in Sources */ = {isa = PBXBuildFile; fileRef = DCF6143217D157A400341EC2 /* SCVideoPlayerViewController.m */; };
/* End PBXBuildFile section */

/* Begin PBXFileReference section */
		5B439A9A183006F000F83EFA /* SCTouchDetector.h */ = {isa = PBXFileReference; fileEncoding = 4; lastKnownFileType = sourcecode.c.h; path = SCTouchDetector.h; sourceTree = "<group>"; };
		5B439A9B183006F000F83EFA /* SCTouchDetector.m */ = {isa = PBXFileReference; fileEncoding = 4; lastKnownFileType = sourcecode.c.objc; path = SCTouchDetector.m; sourceTree = "<group>"; };
		AB2BA3FD18338DAE00B7CFA2 /* capture_flip@2x.png */ = {isa = PBXFileReference; lastKnownFileType = image.png; path = "capture_flip@2x.png"; sourceTree = "<group>"; };
		AB2BA3FF1833B34A00B7CFA2 /* SCCameraFocusTargetView.h */ = {isa = PBXFileReference; fileEncoding = 4; lastKnownFileType = sourcecode.c.h; name = SCCameraFocusTargetView.h; path = SCAudioVideoRecorderExampleIOS/SCCameraFocusTargetView.h; sourceTree = SOURCE_ROOT; };
		AB2BA4001833B34A00B7CFA2 /* SCCameraFocusTargetView.m */ = {isa = PBXFileReference; fileEncoding = 4; lastKnownFileType = sourcecode.c.objc; name = SCCameraFocusTargetView.m; path = SCAudioVideoRecorderExampleIOS/SCCameraFocusTargetView.m; sourceTree = SOURCE_ROOT; };
		AB2BA4021833B4A700B7CFA2 /* QuartzCore.framework */ = {isa = PBXFileReference; lastKnownFileType = wrapper.framework; name = QuartzCore.framework; path = System/Library/Frameworks/QuartzCore.framework; sourceTree = SDKROOT; };
		AB32FD4E183D0735007869C1 /* SCBlurOverlayView.h */ = {isa = PBXFileReference; fileEncoding = 4; lastKnownFileType = sourcecode.c.h; path = SCBlurOverlayView.h; sourceTree = "<group>"; };
		AB32FD4F183D0735007869C1 /* SCBlurOverlayView.m */ = {isa = PBXFileReference; fileEncoding = 4; lastKnownFileType = sourcecode.c.objc; path = SCBlurOverlayView.m; sourceTree = "<group>"; };
		ABCB9420184BAC2C00BB5927 /* OpenGLES.framework */ = {isa = PBXFileReference; lastKnownFileType = wrapper.framework; name = OpenGLES.framework; path = System/Library/Frameworks/OpenGLES.framework; sourceTree = SDKROOT; };
		ABCC89F51829AAB6000D3886 /* ImageIO.framework */ = {isa = PBXFileReference; lastKnownFileType = wrapper.framework; name = ImageIO.framework; path = System/Library/Frameworks/ImageIO.framework; sourceTree = SDKROOT; };
		ABCC89F71829AD8B000D3886 /* SCImageViewDisPlayViewController.h */ = {isa = PBXFileReference; fileEncoding = 4; lastKnownFileType = sourcecode.c.h; path = SCImageViewDisPlayViewController.h; sourceTree = "<group>"; };
		ABCC89F81829AD8B000D3886 /* SCImageViewDisPlayViewController.m */ = {isa = PBXFileReference; fileEncoding = 4; lastKnownFileType = sourcecode.c.objc; path = SCImageViewDisPlayViewController.m; sourceTree = "<group>"; };
		DC23FE1117B4200700389EDA /* libSCAudioVideoRecorderIOS.a */ = {isa = PBXFileReference; explicitFileType = archive.ar; includeInIndex = 0; path = libSCAudioVideoRecorderIOS.a; sourceTree = BUILT_PRODUCTS_DIR; };
		DC264DEA17BAC67300A5EF98 /* AudioToolbox.framework */ = {isa = PBXFileReference; lastKnownFileType = wrapper.framework; name = AudioToolbox.framework; path = Platforms/MacOSX.platform/Developer/SDKs/MacOSX10.8.sdk/System/Library/Frameworks/AudioToolbox.framework; sourceTree = DEVELOPER_DIR; };
		DC264DEC17BACA3E00A5EF98 /* AVFoundation.framework */ = {isa = PBXFileReference; lastKnownFileType = wrapper.framework; name = AVFoundation.framework; path = Platforms/MacOSX.platform/Developer/SDKs/MacOSX10.8.sdk/System/Library/Frameworks/AVFoundation.framework; sourceTree = DEVELOPER_DIR; };
		DC264DEE17BACA5A00A5EF98 /* CoreMedia.framework */ = {isa = PBXFileReference; lastKnownFileType = wrapper.framework; name = CoreMedia.framework; path = Platforms/MacOSX.platform/Developer/SDKs/MacOSX10.8.sdk/System/Library/Frameworks/CoreMedia.framework; sourceTree = DEVELOPER_DIR; };
		DC264DF017BACA7400A5EF98 /* CoreVideo.framework */ = {isa = PBXFileReference; lastKnownFileType = wrapper.framework; name = CoreVideo.framework; path = Platforms/MacOSX.platform/Developer/SDKs/MacOSX10.8.sdk/System/Library/Frameworks/CoreVideo.framework; sourceTree = DEVELOPER_DIR; };
		DC3528A817B963830077F039 /* Cocoa.framework */ = {isa = PBXFileReference; lastKnownFileType = wrapper.framework; name = Cocoa.framework; path = Library/Frameworks/Cocoa.framework; sourceTree = DEVELOPER_DIR; };
		DC3528AB17B963830077F039 /* AppKit.framework */ = {isa = PBXFileReference; lastKnownFileType = wrapper.framework; name = AppKit.framework; path = Library/Frameworks/AppKit.framework; sourceTree = SDKROOT; };
		DC3528AC17B963830077F039 /* CoreData.framework */ = {isa = PBXFileReference; lastKnownFileType = wrapper.framework; name = CoreData.framework; path = Library/Frameworks/CoreData.framework; sourceTree = SDKROOT; };
		DC3528AD17B963830077F039 /* Foundation.framework */ = {isa = PBXFileReference; lastKnownFileType = wrapper.framework; name = Foundation.framework; path = Library/Frameworks/Foundation.framework; sourceTree = SDKROOT; };
		DC36981F17AF132600F5012B /* AssetsLibrary.framework */ = {isa = PBXFileReference; lastKnownFileType = wrapper.framework; name = AssetsLibrary.framework; path = System/Library/Frameworks/AssetsLibrary.framework; sourceTree = SDKROOT; };
		DC4CBA391863100500532F1F /* SCCameraFocusView.h */ = {isa = PBXFileReference; fileEncoding = 4; lastKnownFileType = sourcecode.c.h; path = SCCameraFocusView.h; sourceTree = "<group>"; };
		DC4CBA3A1863100500532F1F /* SCCameraFocusView.m */ = {isa = PBXFileReference; fileEncoding = 4; lastKnownFileType = sourcecode.c.objc; path = SCCameraFocusView.m; sourceTree = "<group>"; };
		DC50285218E4F23F004E833F /* SCRecordSession.h */ = {isa = PBXFileReference; fileEncoding = 4; lastKnownFileType = sourcecode.c.h; path = SCRecordSession.h; sourceTree = "<group>"; };
		DC50285318E4F23F004E833F /* SCRecordSession.m */ = {isa = PBXFileReference; fileEncoding = 4; lastKnownFileType = sourcecode.c.objc; path = SCRecordSession.m; sourceTree = "<group>"; };
		DC50285518E4FA5E004E833F /* SCRecorder.h */ = {isa = PBXFileReference; fileEncoding = 4; lastKnownFileType = sourcecode.c.h; path = SCRecorder.h; sourceTree = "<group>"; };
		DC50285618E4FA5E004E833F /* SCRecorder.m */ = {isa = PBXFileReference; fileEncoding = 4; lastKnownFileType = sourcecode.c.objc; path = SCRecorder.m; sourceTree = "<group>"; };
		DC5194F1184E4AC3002B6D58 /* SCAudioVideoRecorder-Prefix.pch */ = {isa = PBXFileReference; lastKnownFileType = sourcecode.c.h; path = "SCAudioVideoRecorder-Prefix.pch"; sourceTree = "<group>"; };
		DC5194F2184E4AC3002B6D58 /* SCAudioVideoRecorder.h */ = {isa = PBXFileReference; lastKnownFileType = sourcecode.c.h; path = SCAudioVideoRecorder.h; sourceTree = "<group>"; };
		DC5194F4184E4AC3002B6D58 /* SCAudioVideoRecorder.m */ = {isa = PBXFileReference; lastKnownFileType = sourcecode.c.objc; path = SCAudioVideoRecorder.m; sourceTree = "<group>"; };
		DC5194FB184E4AC3002B6D58 /* XCTest.framework */ = {isa = PBXFileReference; lastKnownFileType = wrapper.framework; name = XCTest.framework; path = Library/Frameworks/XCTest.framework; sourceTree = DEVELOPER_DIR; };
		DC551C4417ADD66000E37F8F /* SCAudioVideoRecorderExample.app */ = {isa = PBXFileReference; explicitFileType = wrapper.application; includeInIndex = 0; path = SCAudioVideoRecorderExample.app; sourceTree = BUILT_PRODUCTS_DIR; };
		DC551C4717ADD66000E37F8F /* UIKit.framework */ = {isa = PBXFileReference; lastKnownFileType = wrapper.framework; name = UIKit.framework; path = System/Library/Frameworks/UIKit.framework; sourceTree = SDKROOT; };
		DC551C4917ADD66000E37F8F /* Foundation.framework */ = {isa = PBXFileReference; lastKnownFileType = wrapper.framework; name = Foundation.framework; path = System/Library/Frameworks/Foundation.framework; sourceTree = SDKROOT; };
		DC551C4B17ADD66000E37F8F /* CoreGraphics.framework */ = {isa = PBXFileReference; lastKnownFileType = wrapper.framework; name = CoreGraphics.framework; path = System/Library/Frameworks/CoreGraphics.framework; sourceTree = SDKROOT; };
		DC551C4F17ADD66000E37F8F /* SCAudioVideoRecorder-Info.plist */ = {isa = PBXFileReference; lastKnownFileType = text.plist.xml; path = "SCAudioVideoRecorder-Info.plist"; sourceTree = "<group>"; };
		DC551C5117ADD66000E37F8F /* en */ = {isa = PBXFileReference; lastKnownFileType = text.plist.strings; name = en; path = en.lproj/InfoPlist.strings; sourceTree = "<group>"; };
		DC551C5317ADD66000E37F8F /* main.m */ = {isa = PBXFileReference; lastKnownFileType = sourcecode.c.objc; path = main.m; sourceTree = "<group>"; };
		DC551C5517ADD66000E37F8F /* SCAudioVideoRecorder-Prefix.pch */ = {isa = PBXFileReference; lastKnownFileType = sourcecode.c.h; path = "SCAudioVideoRecorder-Prefix.pch"; sourceTree = "<group>"; };
		DC551C5617ADD66000E37F8F /* SCAppDelegate.h */ = {isa = PBXFileReference; lastKnownFileType = sourcecode.c.h; path = SCAppDelegate.h; sourceTree = "<group>"; };
		DC551C5717ADD66000E37F8F /* SCAppDelegate.m */ = {isa = PBXFileReference; lastKnownFileType = sourcecode.c.objc; path = SCAppDelegate.m; sourceTree = "<group>"; };
		DC551C5917ADD66000E37F8F /* Default.png */ = {isa = PBXFileReference; lastKnownFileType = image.png; path = Default.png; sourceTree = "<group>"; };
		DC551C5B17ADD66000E37F8F /* Default@2x.png */ = {isa = PBXFileReference; lastKnownFileType = image.png; path = "Default@2x.png"; sourceTree = "<group>"; };
		DC551C5D17ADD66000E37F8F /* Default-568h@2x.png */ = {isa = PBXFileReference; lastKnownFileType = image.png; path = "Default-568h@2x.png"; sourceTree = "<group>"; };
		DC551C6017ADD66000E37F8F /* en */ = {isa = PBXFileReference; lastKnownFileType = file.storyboard; name = en; path = en.lproj/MainStoryboard.storyboard; sourceTree = "<group>"; };
		DC551C6217ADD66000E37F8F /* SCViewController.h */ = {isa = PBXFileReference; lastKnownFileType = sourcecode.c.h; path = SCViewController.h; sourceTree = "<group>"; };
		DC551C6317ADD66000E37F8F /* SCViewController.m */ = {isa = PBXFileReference; lastKnownFileType = sourcecode.c.objc; path = SCViewController.m; sourceTree = "<group>"; };
		DC551C6A17ADDA4400E37F8F /* AVFoundation.framework */ = {isa = PBXFileReference; lastKnownFileType = wrapper.framework; name = AVFoundation.framework; path = System/Library/Frameworks/AVFoundation.framework; sourceTree = SDKROOT; };
		DC551C6F17ADF12200E37F8F /* CoreMedia.framework */ = {isa = PBXFileReference; lastKnownFileType = wrapper.framework; name = CoreMedia.framework; path = System/Library/Frameworks/CoreMedia.framework; sourceTree = SDKROOT; };
		DC551C7117ADF12800E37F8F /* CoreVideo.framework */ = {isa = PBXFileReference; lastKnownFileType = wrapper.framework; name = CoreVideo.framework; path = System/Library/Frameworks/CoreVideo.framework; sourceTree = SDKROOT; };
		DC599B6517B481BB00500F05 /* AudioToolbox.framework */ = {isa = PBXFileReference; lastKnownFileType = wrapper.framework; name = AudioToolbox.framework; path = System/Library/Frameworks/AudioToolbox.framework; sourceTree = SDKROOT; };
		DC6722EB1861B3CE0001A15E /* SCAudioRecordViewController.h */ = {isa = PBXFileReference; fileEncoding = 4; lastKnownFileType = sourcecode.c.h; path = SCAudioRecordViewController.h; sourceTree = "<group>"; };
		DC6722EC1861B3CE0001A15E /* SCAudioRecordViewController.m */ = {isa = PBXFileReference; fileEncoding = 4; lastKnownFileType = sourcecode.c.objc; path = SCAudioRecordViewController.m; sourceTree = "<group>"; };
		DC6722EE1861B4930001A15E /* Record-Normal-icon.png */ = {isa = PBXFileReference; lastKnownFileType = image.png; path = "Record-Normal-icon.png"; sourceTree = "<group>"; };
		DC6722F01861B4F00001A15E /* Record-Pressed-icon.png */ = {isa = PBXFileReference; lastKnownFileType = image.png; path = "Record-Pressed-icon.png"; sourceTree = "<group>"; };
		DC6722F21861B5D50001A15E /* Stop-Normal-Red-icon.png */ = {isa = PBXFileReference; lastKnownFileType = image.png; path = "Stop-Normal-Red-icon.png"; sourceTree = "<group>"; };
		DC6722F41861B6260001A15E /* Play-Pressed-icon.png */ = {isa = PBXFileReference; lastKnownFileType = image.png; path = "Play-Pressed-icon.png"; sourceTree = "<group>"; };
		DC6722F51861B6260001A15E /* Play-Normal-icon.png */ = {isa = PBXFileReference; lastKnownFileType = image.png; path = "Play-Normal-icon.png"; sourceTree = "<group>"; };
		DC6722F81861B6F00001A15E /* Pause-Normal-icon.png */ = {isa = PBXFileReference; lastKnownFileType = image.png; path = "Pause-Normal-icon.png"; sourceTree = "<group>"; };
		DCCAB6AB17B46C8900CEA47B /* SCAudioTools.h */ = {isa = PBXFileReference; fileEncoding = 4; lastKnownFileType = sourcecode.c.h; path = SCAudioTools.h; sourceTree = "<group>"; };
		DCCAB6AC17B46C8900CEA47B /* SCAudioTools.m */ = {isa = PBXFileReference; fileEncoding = 4; lastKnownFileType = sourcecode.c.objc; path = SCAudioTools.m; sourceTree = "<group>"; };
		DCF6142717D14A3700341EC2 /* SCPlayer.h */ = {isa = PBXFileReference; fileEncoding = 4; lastKnownFileType = sourcecode.c.h; path = SCPlayer.h; sourceTree = "<group>"; };
		DCF6142817D14A3700341EC2 /* SCPlayer.m */ = {isa = PBXFileReference; fileEncoding = 4; lastKnownFileType = sourcecode.c.objc; path = SCPlayer.m; sourceTree = "<group>"; };
		DCF6142A17D1527F00341EC2 /* SCVideoPlayerView.h */ = {isa = PBXFileReference; fileEncoding = 4; lastKnownFileType = sourcecode.c.h; path = SCVideoPlayerView.h; sourceTree = "<group>"; };
		DCF6142B17D1527F00341EC2 /* SCVideoPlayerView.m */ = {isa = PBXFileReference; fileEncoding = 4; lastKnownFileType = sourcecode.c.objc; path = SCVideoPlayerView.m; sourceTree = "<group>"; };
		DCF6143117D157A400341EC2 /* SCVideoPlayerViewController.h */ = {isa = PBXFileReference; fileEncoding = 4; lastKnownFileType = sourcecode.c.h; path = SCVideoPlayerViewController.h; sourceTree = "<group>"; };
		DCF6143217D157A400341EC2 /* SCVideoPlayerViewController.m */ = {isa = PBXFileReference; fileEncoding = 4; lastKnownFileType = sourcecode.c.objc; path = SCVideoPlayerViewController.m; sourceTree = "<group>"; };
/* End PBXFileReference section */

/* Begin PBXFrameworksBuildPhase section */
		DC23FE0E17B4200700389EDA /* Frameworks */ = {
			isa = PBXFrameworksBuildPhase;
			buildActionMask = 2147483647;
			files = (
				DC23FE2417B451AA00389EDA /* AssetsLibrary.framework in Frameworks */,
				DC23FE2317B451A100389EDA /* UIKit.framework in Frameworks */,
				DC23FE2217B4519A00389EDA /* CoreGraphics.framework in Frameworks */,
				DC23FE2117B4519100389EDA /* AVFoundation.framework in Frameworks */,
				DC23FE1217B4200800389EDA /* Foundation.framework in Frameworks */,
			);
			runOnlyForDeploymentPostprocessing = 0;
		};
		DC551C4117ADD66000E37F8F /* Frameworks */ = {
			isa = PBXFrameworksBuildPhase;
			buildActionMask = 2147483647;
			files = (
				DC4CBA77186314E100532F1F /* libSCAudioVideoRecorderIOS.a in Frameworks */,
				ABCB9421184BAC2C00BB5927 /* OpenGLES.framework in Frameworks */,
				AB2BA4031833B4A700B7CFA2 /* QuartzCore.framework in Frameworks */,
				ABCC89F61829AAB6000D3886 /* ImageIO.framework in Frameworks */,
				DC599B6617B481BB00500F05 /* AudioToolbox.framework in Frameworks */,
				DC551C6B17ADDA4400E37F8F /* AVFoundation.framework in Frameworks */,
				DC36982017AF132600F5012B /* AssetsLibrary.framework in Frameworks */,
				DC551C7217ADF12800E37F8F /* CoreVideo.framework in Frameworks */,
				DC551C7017ADF12200E37F8F /* CoreMedia.framework in Frameworks */,
				DC551C4817ADD66000E37F8F /* UIKit.framework in Frameworks */,
				DC551C4A17ADD66000E37F8F /* Foundation.framework in Frameworks */,
				DC551C4C17ADD66000E37F8F /* CoreGraphics.framework in Frameworks */,
			);
			runOnlyForDeploymentPostprocessing = 0;
		};
/* End PBXFrameworksBuildPhase section */

/* Begin PBXGroup section */
		DC23FE0C17B41FAB00389EDA /* SCAudioVideoRecorderExampleIOS */ = {
			isa = PBXGroup;
			children = (
				5B439A9A183006F000F83EFA /* SCTouchDetector.h */,
				5B439A9B183006F000F83EFA /* SCTouchDetector.m */,
				DC551C5617ADD66000E37F8F /* SCAppDelegate.h */,
				DC551C5717ADD66000E37F8F /* SCAppDelegate.m */,
				DC551C5F17ADD66000E37F8F /* MainStoryboard.storyboard */,
				DC551C6217ADD66000E37F8F /* SCViewController.h */,
				DC551C6317ADD66000E37F8F /* SCViewController.m */,
				AB32FD4E183D0735007869C1 /* SCBlurOverlayView.h */,
				AB32FD4F183D0735007869C1 /* SCBlurOverlayView.m */,
				ABCC89F71829AD8B000D3886 /* SCImageViewDisPlayViewController.h */,
				ABCC89F81829AD8B000D3886 /* SCImageViewDisPlayViewController.m */,
				DC551C4E17ADD66000E37F8F /* Supporting Files */,
				DCF6143117D157A400341EC2 /* SCVideoPlayerViewController.h */,
				DCF6143217D157A400341EC2 /* SCVideoPlayerViewController.m */,
				DC6722EB1861B3CE0001A15E /* SCAudioRecordViewController.h */,
				DC6722EC1861B3CE0001A15E /* SCAudioRecordViewController.m */,
			);
			path = SCAudioVideoRecorderExampleIOS;
			sourceTree = "<group>";
		};
		DC3528AA17B963830077F039 /* Other Frameworks */ = {
			isa = PBXGroup;
			children = (
				DC3528AB17B963830077F039 /* AppKit.framework */,
				DC3528AC17B963830077F039 /* CoreData.framework */,
				DC3528AD17B963830077F039 /* Foundation.framework */,
			);
			name = "Other Frameworks";
			sourceTree = "<group>";
		};
		DC5194EF184E4AC3002B6D58 /* SCAudioVideoRecorder */ = {
			isa = PBXGroup;
			children = (
				DC5194F2184E4AC3002B6D58 /* SCAudioVideoRecorder.h */,
				DC5194F4184E4AC3002B6D58 /* SCAudioVideoRecorder.m */,
				DC5194F0184E4AC3002B6D58 /* Supporting Files */,
			);
			path = SCAudioVideoRecorder;
			sourceTree = "<group>";
		};
		DC5194F0184E4AC3002B6D58 /* Supporting Files */ = {
			isa = PBXGroup;
			children = (
				DC5194F1184E4AC3002B6D58 /* SCAudioVideoRecorder-Prefix.pch */,
			);
			name = "Supporting Files";
			sourceTree = "<group>";
		};
		DC551C3B17ADD66000E37F8F = {
			isa = PBXGroup;
			children = (
				DC264DF017BACA7400A5EF98 /* CoreVideo.framework */,
				DC264DEE17BACA5A00A5EF98 /* CoreMedia.framework */,
				DC551C4D17ADD66000E37F8F /* SCAudioVideoRecorder */,
				DC23FE0C17B41FAB00389EDA /* SCAudioVideoRecorderExampleIOS */,
				DC5194EF184E4AC3002B6D58 /* SCAudioVideoRecorder */,
				DC551C4617ADD66000E37F8F /* Frameworks */,
				DC551C4517ADD66000E37F8F /* Products */,
			);
			sourceTree = "<group>";
		};
		DC551C4517ADD66000E37F8F /* Products */ = {
			isa = PBXGroup;
			children = (
				DC551C4417ADD66000E37F8F /* SCAudioVideoRecorderExample.app */,
				DC23FE1117B4200700389EDA /* libSCAudioVideoRecorderIOS.a */,
			);
			name = Products;
			sourceTree = "<group>";
		};
		DC551C4617ADD66000E37F8F /* Frameworks */ = {
			isa = PBXGroup;
			children = (
				ABCB9420184BAC2C00BB5927 /* OpenGLES.framework */,
				AB2BA4021833B4A700B7CFA2 /* QuartzCore.framework */,
				ABCC89F51829AAB6000D3886 /* ImageIO.framework */,
				DC264DEC17BACA3E00A5EF98 /* AVFoundation.framework */,
				DC264DEA17BAC67300A5EF98 /* AudioToolbox.framework */,
				DC599B6517B481BB00500F05 /* AudioToolbox.framework */,
				DC36981F17AF132600F5012B /* AssetsLibrary.framework */,
				DC551C7117ADF12800E37F8F /* CoreVideo.framework */,
				DC551C6F17ADF12200E37F8F /* CoreMedia.framework */,
				DC551C6A17ADDA4400E37F8F /* AVFoundation.framework */,
				DC551C4717ADD66000E37F8F /* UIKit.framework */,
				DC551C4917ADD66000E37F8F /* Foundation.framework */,
				DC551C4B17ADD66000E37F8F /* CoreGraphics.framework */,
				DC3528A817B963830077F039 /* Cocoa.framework */,
				DC5194FB184E4AC3002B6D58 /* XCTest.framework */,
				DC3528AA17B963830077F039 /* Other Frameworks */,
			);
			name = Frameworks;
			sourceTree = "<group>";
		};
		DC551C4D17ADD66000E37F8F /* SCAudioVideoRecorder */ = {
			isa = PBXGroup;
			children = (
				AB2BA3FF1833B34A00B7CFA2 /* SCCameraFocusTargetView.h */,
				AB2BA4001833B34A00B7CFA2 /* SCCameraFocusTargetView.m */,
				DCCAB6AB17B46C8900CEA47B /* SCAudioTools.h */,
				DCCAB6AC17B46C8900CEA47B /* SCAudioTools.m */,
				DCF6142717D14A3700341EC2 /* SCPlayer.h */,
				DCF6142817D14A3700341EC2 /* SCPlayer.m */,
				DCF6142A17D1527F00341EC2 /* SCVideoPlayerView.h */,
				DCF6142B17D1527F00341EC2 /* SCVideoPlayerView.m */,
				DC4CBA391863100500532F1F /* SCCameraFocusView.h */,
				DC4CBA3A1863100500532F1F /* SCCameraFocusView.m */,
				DC50285218E4F23F004E833F /* SCRecordSession.h */,
				DC50285318E4F23F004E833F /* SCRecordSession.m */,
				DC50285518E4FA5E004E833F /* SCRecorder.h */,
				DC50285618E4FA5E004E833F /* SCRecorder.m */,
			);
			path = SCAudioVideoRecorder;
			sourceTree = "<group>";
		};
		DC551C4E17ADD66000E37F8F /* Supporting Files */ = {
			isa = PBXGroup;
			children = (
				DC6722F81861B6F00001A15E /* Pause-Normal-icon.png */,
				DC6722F41861B6260001A15E /* Play-Pressed-icon.png */,
				DC6722F51861B6260001A15E /* Play-Normal-icon.png */,
				DC6722F21861B5D50001A15E /* Stop-Normal-Red-icon.png */,
				DC6722F01861B4F00001A15E /* Record-Pressed-icon.png */,
				DC6722EE1861B4930001A15E /* Record-Normal-icon.png */,
				AB2BA3FD18338DAE00B7CFA2 /* capture_flip@2x.png */,
				DC551C4F17ADD66000E37F8F /* SCAudioVideoRecorder-Info.plist */,
				DC551C5017ADD66000E37F8F /* InfoPlist.strings */,
				DC551C5317ADD66000E37F8F /* main.m */,
				DC551C5517ADD66000E37F8F /* SCAudioVideoRecorder-Prefix.pch */,
				DC551C5917ADD66000E37F8F /* Default.png */,
				DC551C5B17ADD66000E37F8F /* Default@2x.png */,
				DC551C5D17ADD66000E37F8F /* Default-568h@2x.png */,
			);
			name = "Supporting Files";
			sourceTree = "<group>";
		};
/* End PBXGroup section */

/* Begin PBXHeadersBuildPhase section */
		DC519510184E4B11002B6D58 /* Headers */ = {
			isa = PBXHeadersBuildPhase;
			buildActionMask = 2147483647;
			files = (
				DC50285918E51FC9004E833F /* SCRecorder.h in Headers */,
				DC4CBA531863118E00532F1F /* SCVideoPlayerView.h in Headers */,
				DC4CBA401863118E00532F1F /* SCCameraFocusTargetView.h in Headers */,
				DC4CBA511863118E00532F1F /* SCPlayer.h in Headers */,
				DC4CBA4D1863118E00532F1F /* SCAudioTools.h in Headers */,
				DC4CBA551863118E00532F1F /* SCCameraFocusView.h in Headers */,
			);
			runOnlyForDeploymentPostprocessing = 0;
		};
/* End PBXHeadersBuildPhase section */

/* Begin PBXNativeTarget section */
		DC23FE1017B4200700389EDA /* SCAudioVideoRecorderIOS */ = {
			isa = PBXNativeTarget;
			buildConfigurationList = DC23FE1A17B4200900389EDA /* Build configuration list for PBXNativeTarget "SCAudioVideoRecorderIOS" */;
			buildPhases = (
				DC23FE0D17B4200700389EDA /* Sources */,
				DC23FE0E17B4200700389EDA /* Frameworks */,
				DC519510184E4B11002B6D58 /* Headers */,
			);
			buildRules = (
			);
			dependencies = (
			);
			name = SCAudioVideoRecorderIOS;
			productName = SCAudioVideoRecorder;
			productReference = DC23FE1117B4200700389EDA /* libSCAudioVideoRecorderIOS.a */;
			productType = "com.apple.product-type.library.static";
		};
		DC551C4317ADD66000E37F8F /* SCAudioVideoRecorderExampleIOS */ = {
			isa = PBXNativeTarget;
			buildConfigurationList = DC551C6717ADD66000E37F8F /* Build configuration list for PBXNativeTarget "SCAudioVideoRecorderExampleIOS" */;
			buildPhases = (
				DC551C4017ADD66000E37F8F /* Sources */,
				DC551C4117ADD66000E37F8F /* Frameworks */,
				DC551C4217ADD66000E37F8F /* Resources */,
			);
			buildRules = (
			);
			dependencies = (
			);
			name = SCAudioVideoRecorderExampleIOS;
			productName = VideoRecorder;
			productReference = DC551C4417ADD66000E37F8F /* SCAudioVideoRecorderExample.app */;
			productType = "com.apple.product-type.application";
		};
/* End PBXNativeTarget section */

/* Begin PBXProject section */
		DC551C3C17ADD66000E37F8F /* Project object */ = {
			isa = PBXProject;
			attributes = {
				CLASSPREFIX = VR;
				LastUpgradeCheck = 0500;
				ORGANIZATIONNAME = rFlex;
			};
			buildConfigurationList = DC551C3F17ADD66000E37F8F /* Build configuration list for PBXProject "SCAudioVideoRecorder" */;
			compatibilityVersion = "Xcode 3.2";
			developmentRegion = English;
			hasScannedForEncodings = 0;
			knownRegions = (
				en,
			);
			mainGroup = DC551C3B17ADD66000E37F8F;
			productRefGroup = DC551C4517ADD66000E37F8F /* Products */;
			projectDirPath = "";
			projectRoot = "";
			targets = (
				DC551C4317ADD66000E37F8F /* SCAudioVideoRecorderExampleIOS */,
				DC23FE1017B4200700389EDA /* SCAudioVideoRecorderIOS */,
			);
		};
/* End PBXProject section */

/* Begin PBXResourcesBuildPhase section */
		DC551C4217ADD66000E37F8F /* Resources */ = {
			isa = PBXResourcesBuildPhase;
			buildActionMask = 2147483647;
			files = (
				AB2BA3FE18338DAE00B7CFA2 /* capture_flip@2x.png in Resources */,
				DC6722F61861B6260001A15E /* Play-Pressed-icon.png in Resources */,
				DC551C5217ADD66000E37F8F /* InfoPlist.strings in Resources */,
				DC6722F71861B6260001A15E /* Play-Normal-icon.png in Resources */,
				DC6722F11861B4F00001A15E /* Record-Pressed-icon.png in Resources */,
				DC6722F31861B5D50001A15E /* Stop-Normal-Red-icon.png in Resources */,
				DC551C5A17ADD66000E37F8F /* Default.png in Resources */,
				DC551C5C17ADD66000E37F8F /* Default@2x.png in Resources */,
				DC551C5E17ADD66000E37F8F /* Default-568h@2x.png in Resources */,
				DC6722EF1861B4930001A15E /* Record-Normal-icon.png in Resources */,
				DC6722F91861B6F00001A15E /* Pause-Normal-icon.png in Resources */,
				DC551C6117ADD66000E37F8F /* MainStoryboard.storyboard in Resources */,
			);
			runOnlyForDeploymentPostprocessing = 0;
		};
/* End PBXResourcesBuildPhase section */

/* Begin PBXSourcesBuildPhase section */
		DC23FE0D17B4200700389EDA /* Sources */ = {
			isa = PBXSourcesBuildPhase;
			buildActionMask = 2147483647;
			files = (
				DC50285A18E52023004E833F /* SCRecordSession.m in Sources */,
				DC50285818E51FC0004E833F /* SCRecorder.m in Sources */,
				DC4CBA541863118E00532F1F /* SCVideoPlayerView.m in Sources */,
				DC4CBA521863118E00532F1F /* SCPlayer.m in Sources */,
				DC4CBA411863118E00532F1F /* SCCameraFocusTargetView.m in Sources */,
				DC4CBA4E1863118E00532F1F /* SCAudioTools.m in Sources */,
				DC4CBA561863118E00532F1F /* SCCameraFocusView.m in Sources */,
			);
			runOnlyForDeploymentPostprocessing = 0;
		};
		DC551C4017ADD66000E37F8F /* Sources */ = {
			isa = PBXSourcesBuildPhase;
			buildActionMask = 2147483647;
			files = (
				5B439A9C183006F000F83EFA /* SCTouchDetector.m in Sources */,
				DC551C5417ADD66000E37F8F /* main.m in Sources */,
				AB32FD50183D0735007869C1 /* SCBlurOverlayView.m in Sources */,
				DC551C5817ADD66000E37F8F /* SCAppDelegate.m in Sources */,
				DC551C6417ADD66000E37F8F /* SCViewController.m in Sources */,
				ABCC89F91829AD8B000D3886 /* SCImageViewDisPlayViewController.m in Sources */,
				DC6722ED1861B3CE0001A15E /* SCAudioRecordViewController.m in Sources */,
				DCF6143317D157A400341EC2 /* SCVideoPlayerViewController.m in Sources */,
			);
			runOnlyForDeploymentPostprocessing = 0;
		};
/* End PBXSourcesBuildPhase section */

/* Begin PBXVariantGroup section */
		DC551C5017ADD66000E37F8F /* InfoPlist.strings */ = {
			isa = PBXVariantGroup;
			children = (
				DC551C5117ADD66000E37F8F /* en */,
			);
			name = InfoPlist.strings;
			sourceTree = "<group>";
		};
		DC551C5F17ADD66000E37F8F /* MainStoryboard.storyboard */ = {
			isa = PBXVariantGroup;
			children = (
				DC551C6017ADD66000E37F8F /* en */,
			);
			name = MainStoryboard.storyboard;
			sourceTree = "<group>";
		};
/* End PBXVariantGroup section */

/* Begin XCBuildConfiguration section */
		DC23FE1B17B4200900389EDA /* Debug */ = {
			isa = XCBuildConfiguration;
			buildSettings = {
				DSTROOT = /tmp/SCAudioVideoRecorder.dst;
				GCC_PRECOMPILE_PREFIX_HEADER = YES;
				GCC_PREFIX_HEADER = "SCAudioVideoRecorder/SCAudioVideoRecorder-Prefix.pch";
				OTHER_LDFLAGS = "-ObjC";
				PRODUCT_NAME = "$(TARGET_NAME)";
				SKIP_INSTALL = YES;
			};
			name = Debug;
		};
		DC23FE1C17B4200900389EDA /* Release */ = {
			isa = XCBuildConfiguration;
			buildSettings = {
				DSTROOT = /tmp/SCAudioVideoRecorder.dst;
				GCC_PRECOMPILE_PREFIX_HEADER = YES;
				GCC_PREFIX_HEADER = "SCAudioVideoRecorder/SCAudioVideoRecorder-Prefix.pch";
				OTHER_LDFLAGS = "-ObjC";
				PRODUCT_NAME = "$(TARGET_NAME)";
				SKIP_INSTALL = YES;
			};
			name = Release;
		};
		DC551C6517ADD66000E37F8F /* Debug */ = {
			isa = XCBuildConfiguration;
			buildSettings = {
				ALWAYS_SEARCH_USER_PATHS = NO;
				CLANG_CXX_LANGUAGE_STANDARD = "gnu++0x";
				CLANG_CXX_LIBRARY = "libc++";
				CLANG_ENABLE_OBJC_ARC = YES;
				CLANG_WARN_CONSTANT_CONVERSION = YES;
				CLANG_WARN_CXX0X_EXTENSIONS = YES;
				CLANG_WARN_DEPRECATED_OBJC_IMPLEMENTATIONS = YES;
				CLANG_WARN_EMPTY_BODY = YES;
				CLANG_WARN_ENUM_CONVERSION = YES;
				CLANG_WARN_INT_CONVERSION = YES;
				CLANG_WARN_OBJC_REPEATED_USE_OF_WEAK = YES;
				CLANG_WARN__DUPLICATE_METHOD_MATCH = YES;
				"CODE_SIGN_IDENTITY[sdk=iphoneos*]" = "iPhone Developer";
				COPY_PHASE_STRIP = NO;
				GCC_C_LANGUAGE_STANDARD = gnu99;
				GCC_DYNAMIC_NO_PIC = NO;
				GCC_OPTIMIZATION_LEVEL = 0;
				GCC_PREPROCESSOR_DEFINITIONS = (
					"DEBUG=1",
					"$(inherited)",
				);
				GCC_SYMBOLS_PRIVATE_EXTERN = NO;
				GCC_WARN_ABOUT_MISSING_NEWLINE = YES;
				GCC_WARN_ABOUT_RETURN_TYPE = YES;
				GCC_WARN_FOUR_CHARACTER_CONSTANTS = YES;
				GCC_WARN_UNINITIALIZED_AUTOS = YES;
				GCC_WARN_UNKNOWN_PRAGMAS = YES;
				GCC_WARN_UNUSED_VARIABLE = YES;
				IPHONEOS_DEPLOYMENT_TARGET = 6.1;
				ONLY_ACTIVE_ARCH = YES;
				SDKROOT = iphoneos;
			};
			name = Debug;
		};
		DC551C6617ADD66000E37F8F /* Release */ = {
			isa = XCBuildConfiguration;
			buildSettings = {
				ALWAYS_SEARCH_USER_PATHS = NO;
				CLANG_CXX_LANGUAGE_STANDARD = "gnu++0x";
				CLANG_CXX_LIBRARY = "libc++";
				CLANG_ENABLE_OBJC_ARC = YES;
				CLANG_WARN_CONSTANT_CONVERSION = YES;
				CLANG_WARN_CXX0X_EXTENSIONS = YES;
				CLANG_WARN_DEPRECATED_OBJC_IMPLEMENTATIONS = YES;
				CLANG_WARN_EMPTY_BODY = YES;
				CLANG_WARN_ENUM_CONVERSION = YES;
				CLANG_WARN_INT_CONVERSION = YES;
				CLANG_WARN_OBJC_REPEATED_USE_OF_WEAK = YES;
				CLANG_WARN__DUPLICATE_METHOD_MATCH = YES;
				"CODE_SIGN_IDENTITY[sdk=iphoneos*]" = "iPhone Developer";
				COPY_PHASE_STRIP = YES;
				GCC_C_LANGUAGE_STANDARD = gnu99;
				GCC_WARN_ABOUT_MISSING_NEWLINE = YES;
				GCC_WARN_ABOUT_RETURN_TYPE = YES;
				GCC_WARN_FOUR_CHARACTER_CONSTANTS = YES;
				GCC_WARN_UNINITIALIZED_AUTOS = YES;
				GCC_WARN_UNKNOWN_PRAGMAS = YES;
				GCC_WARN_UNUSED_VARIABLE = YES;
				IPHONEOS_DEPLOYMENT_TARGET = 6.1;
				OTHER_CFLAGS = "-DNS_BLOCK_ASSERTIONS=1";
				SDKROOT = iphoneos;
				VALIDATE_PRODUCT = YES;
			};
			name = Release;
		};
		DC551C6817ADD66000E37F8F /* Debug */ = {
			isa = XCBuildConfiguration;
			buildSettings = {
				GCC_PRECOMPILE_PREFIX_HEADER = YES;
				GCC_PREFIX_HEADER = "SCAudioVideoRecorderExampleIOS/SCAudioVideoRecorder-Prefix.pch";
				INFOPLIST_FILE = "SCAudioVideoRecorderExampleIOS/SCAudioVideoRecorder-Info.plist";
				KEEP_PRIVATE_EXTERNS = NO;
				OTHER_LDFLAGS = (
					"-all_load",
					"-ObjC",
				);
				PRODUCT_NAME = SCAudioVideoRecorderExample;
				WRAPPER_EXTENSION = app;
			};
			name = Debug;
		};
		DC551C6917ADD66000E37F8F /* Release */ = {
			isa = XCBuildConfiguration;
			buildSettings = {
				GCC_PRECOMPILE_PREFIX_HEADER = YES;
				GCC_PREFIX_HEADER = "SCAudioVideoRecorderExampleIOS/SCAudioVideoRecorder-Prefix.pch";
				INFOPLIST_FILE = "SCAudioVideoRecorderExampleIOS/SCAudioVideoRecorder-Info.plist";
				KEEP_PRIVATE_EXTERNS = NO;
				OTHER_LDFLAGS = (
					"-all_load",
					"-ObjC",
				);
				PRODUCT_NAME = SCAudioVideoRecorderExample;
				WRAPPER_EXTENSION = app;
			};
			name = Release;
		};
/* End XCBuildConfiguration section */

/* Begin XCConfigurationList section */
		DC23FE1A17B4200900389EDA /* Build configuration list for PBXNativeTarget "SCAudioVideoRecorderIOS" */ = {
			isa = XCConfigurationList;
			buildConfigurations = (
				DC23FE1B17B4200900389EDA /* Debug */,
				DC23FE1C17B4200900389EDA /* Release */,
			);
			defaultConfigurationIsVisible = 0;
			defaultConfigurationName = Release;
		};
		DC551C3F17ADD66000E37F8F /* Build configuration list for PBXProject "SCAudioVideoRecorder" */ = {
			isa = XCConfigurationList;
			buildConfigurations = (
				DC551C6517ADD66000E37F8F /* Debug */,
				DC551C6617ADD66000E37F8F /* Release */,
			);
			defaultConfigurationIsVisible = 0;
			defaultConfigurationName = Release;
		};
		DC551C6717ADD66000E37F8F /* Build configuration list for PBXNativeTarget "SCAudioVideoRecorderExampleIOS" */ = {
			isa = XCConfigurationList;
			buildConfigurations = (
				DC551C6817ADD66000E37F8F /* Debug */,
				DC551C6917ADD66000E37F8F /* Release */,
			);
			defaultConfigurationIsVisible = 0;
			defaultConfigurationName = Release;
		};
/* End XCConfigurationList section */
	};
	rootObject = DC551C3C17ADD66000E37F8F /* Project object */;
}
